
Microsoft Visual Studio Solution File, Format Version 12.00
# Visual Studio Version 17
VisualStudioVersion = 17.7.34024.191
MinimumVisualStudioVersion = 10.0.40219.1
Project("{FAE04EC0-301F-11D3-BF4B-00C04F79EFBC}") = "ExamenFinalV2", "ExamenFinalV2.csproj", "{BBCDE625-D241-4047-81EB-15D02B49142B}"
EndProject
Global
	GlobalSection(SolutionConfigurationPlatforms) = preSolution
		Debug|Any CPU = Debug|Any CPU
		Release|Any CPU = Release|Any CPU
	EndGlobalSection
	GlobalSection(ProjectConfigurationPlatforms) = postSolution
		{BBCDE625-D241-4047-81EB-15D02B49142B}.Debug|Any CPU.ActiveCfg = Debug|Any CPU
		{BBCDE625-D241-4047-81EB-15D02B49142B}.Debug|Any CPU.Build.0 = Debug|Any CPU
		{BBCDE625-D241-4047-81EB-15D02B49142B}.Release|Any CPU.ActiveCfg = Release|Any CPU
		{BBCDE625-D241-4047-81EB-15D02B49142B}.Release|Any CPU.Build.0 = Release|Any CPU
	EndGlobalSection
	GlobalSection(SolutionProperties) = preSolution
		HideSolutionNode = FALSE
	EndGlobalSection
	GlobalSection(ExtensibilityGlobals) = postSolution
		SolutionGuid = {221E5205-DA03-4B13-808B-DCFA41FAD774}
	EndGlobalSection
EndGlobal
